// !$*UTF8*$!
{
	archiveVersion = 1;
	classes = {
	};
	objectVersion = 46;
	objects = {

/* Begin PBXBuildFile section */
		9D4984391F1610E10019CFEB /* Home.storyboard in Resources */ = {isa = PBXBuildFile; fileRef = 9D4984371F1610E10019CFEB /* Home.storyboard */; };
		9D49843B1F1611090019CFEB /* Live.storyboard in Resources */ = {isa = PBXBuildFile; fileRef = 9D49843A1F1611090019CFEB /* Live.storyboard */; };
		9D49843E1F1611290019CFEB /* Follow.storyboard in Resources */ = {isa = PBXBuildFile; fileRef = 9D49843C1F1611290019CFEB /* Follow.storyboard */; };
		9D4984411F1611BC0019CFEB /* Discover.storyboard in Resources */ = {isa = PBXBuildFile; fileRef = 9D4984401F1611BC0019CFEB /* Discover.storyboard */; };
		9D4984441F1611DB0019CFEB /* Profile.storyboard in Resources */ = {isa = PBXBuildFile; fileRef = 9D4984421F1611DB0019CFEB /* Profile.storyboard */; };
		9D68D2901F15FDC400EA6FD5 /* AppDelegate.swift in Sources */ = {isa = PBXBuildFile; fileRef = 9D68D28F1F15FDC400EA6FD5 /* AppDelegate.swift */; };
		9D68D2951F15FDC400EA6FD5 /* Main.storyboard in Resources */ = {isa = PBXBuildFile; fileRef = 9D68D2931F15FDC400EA6FD5 /* Main.storyboard */; };
		9D68D2971F15FDC400EA6FD5 /* Assets.xcassets in Resources */ = {isa = PBXBuildFile; fileRef = 9D68D2961F15FDC400EA6FD5 /* Assets.xcassets */; };
		9D68D29A1F15FDC400EA6FD5 /* LaunchScreen.storyboard in Resources */ = {isa = PBXBuildFile; fileRef = 9D68D2981F15FDC400EA6FD5 /* LaunchScreen.storyboard */; };
/* End PBXBuildFile section */

/* Begin PBXFileReference section */
		9D4984381F1610E10019CFEB /* Base */ = {isa = PBXFileReference; lastKnownFileType = file.storyboard; name = Base; path = DYZB/Base.lproj/Home.storyboard; sourceTree = SOURCE_ROOT; };
		9D49843A1F1611090019CFEB /* Live.storyboard */ = {isa = PBXFileReference; fileEncoding = 4; lastKnownFileType = file.storyboard; name = Live.storyboard; path = ../Main/Live.storyboard; sourceTree = "<group>"; };
		9D49843D1F1611290019CFEB /* Base */ = {isa = PBXFileReference; lastKnownFileType = file.storyboard; name = Base; path = DYZB/Base.lproj/Follow.storyboard; sourceTree = SOURCE_ROOT; };
		9D4984401F1611BC0019CFEB /* Discover.storyboard */ = {isa = PBXFileReference; fileEncoding = 4; lastKnownFileType = file.storyboard; name = Discover.storyboard; path = ../Main/Discover.storyboard; sourceTree = "<group>"; };
		9D4984431F1611DB0019CFEB /* Base */ = {isa = PBXFileReference; lastKnownFileType = file.storyboard; name = Base; path = DYZB/Base.lproj/Profile.storyboard; sourceTree = SOURCE_ROOT; };
		9D68D28C1F15FDC400EA6FD5 /* DYZB.app */ = {isa = PBXFileReference; explicitFileType = wrapper.application; includeInIndex = 0; path = DYZB.app; sourceTree = BUILT_PRODUCTS_DIR; };
		9D68D28F1F15FDC400EA6FD5 /* AppDelegate.swift */ = {isa = PBXFileReference; lastKnownFileType = sourcecode.swift; path = AppDelegate.swift; sourceTree = "<group>"; };
		9D68D2941F15FDC400EA6FD5 /* Base */ = {isa = PBXFileReference; lastKnownFileType = file.storyboard; name = Base; path = Base.lproj/Main.storyboard; sourceTree = "<group>"; };
		9D68D2961F15FDC400EA6FD5 /* Assets.xcassets */ = {isa = PBXFileReference; lastKnownFileType = folder.assetcatalog; path = Assets.xcassets; sourceTree = "<group>"; };
		9D68D2991F15FDC400EA6FD5 /* Base */ = {isa = PBXFileReference; lastKnownFileType = file.storyboard; name = Base; path = Base.lproj/LaunchScreen.storyboard; sourceTree = "<group>"; };
		9D68D29B1F15FDC400EA6FD5 /* Info.plist */ = {isa = PBXFileReference; lastKnownFileType = text.plist.xml; path = Info.plist; sourceTree = "<group>"; };
/* End PBXFileReference section */

/* Begin PBXFrameworksBuildPhase section */
		9D68D2891F15FDC400EA6FD5 /* Frameworks */ = {
			isa = PBXFrameworksBuildPhase;
			buildActionMask = 2147483647;
			files = (
			);
			runOnlyForDeploymentPostprocessing = 0;
		};
/* End PBXFrameworksBuildPhase section */

/* Begin PBXGroup section */
		9D4984301F160A010019CFEB /* Classes */ = {
			isa = PBXGroup;
			children = (
				9D4984341F160A010019CFEB /* Main */,
				9D4984321F160A010019CFEB /* Home */,
				9D4984331F160A010019CFEB /* Live */,
				9D4984311F160A010019CFEB /* Follow */,
				9D49843F1F16118E0019CFEB /* Discover */,
				9D4984351F160A010019CFEB /* Profile */,
				9D4984361F160A010019CFEB /* Tools */,
			);
			path = Classes;
			sourceTree = "<group>";
		};
		9D4984311F160A010019CFEB /* Follow */ = {
			isa = PBXGroup;
			children = (
				9D49843C1F1611290019CFEB /* Follow.storyboard */,
			);
			path = Follow;
			sourceTree = "<group>";
		};
		9D4984321F160A010019CFEB /* Home */ = {
			isa = PBXGroup;
			children = (
				9D4984371F1610E10019CFEB /* Home.storyboard */,
			);
			path = Home;
			sourceTree = "<group>";
		};
		9D4984331F160A010019CFEB /* Live */ = {
			isa = PBXGroup;
			children = (
				9D49843A1F1611090019CFEB /* Live.storyboard */,
			);
			path = Live;
			sourceTree = "<group>";
		};
		9D4984341F160A010019CFEB /* Main */ = {
			isa = PBXGroup;
			children = (
				9D68D2931F15FDC400EA6FD5 /* Main.storyboard */,
			);
			path = Main;
			sourceTree = "<group>";
		};
		9D4984351F160A010019CFEB /* Profile */ = {
			isa = PBXGroup;
			children = (
				9D4984421F1611DB0019CFEB /* Profile.storyboard */,
			);
			path = Profile;
			sourceTree = "<group>";
		};
		9D4984361F160A010019CFEB /* Tools */ = {
			isa = PBXGroup;
			children = (
			);
			path = Tools;
			sourceTree = "<group>";
		};
		9D49843F1F16118E0019CFEB /* Discover */ = {
			isa = PBXGroup;
			children = (
				9D4984401F1611BC0019CFEB /* Discover.storyboard */,
			);
			path = Discover;
			sourceTree = "<group>";
		};
		9D68D2831F15FDC400EA6FD5 = {
			isa = PBXGroup;
			children = (
				9D68D28E1F15FDC400EA6FD5 /* DYZB */,
				9D68D28D1F15FDC400EA6FD5 /* Products */,
			);
			sourceTree = "<group>";
		};
		9D68D28D1F15FDC400EA6FD5 /* Products */ = {
			isa = PBXGroup;
			children = (
				9D68D28C1F15FDC400EA6FD5 /* DYZB.app */,
			);
			name = Products;
			sourceTree = "<group>";
		};
		9D68D28E1F15FDC400EA6FD5 /* DYZB */ = {
			isa = PBXGroup;
			children = (
				9D4984301F160A010019CFEB /* Classes */,
				9D68D28F1F15FDC400EA6FD5 /* AppDelegate.swift */,
				9D68D2961F15FDC400EA6FD5 /* Assets.xcassets */,
				9D68D2981F15FDC400EA6FD5 /* LaunchScreen.storyboard */,
				9D68D29B1F15FDC400EA6FD5 /* Info.plist */,
			);
			path = DYZB;
			sourceTree = "<group>";
		};
/* End PBXGroup section */

/* Begin PBXNativeTarget section */
		9D68D28B1F15FDC400EA6FD5 /* DYZB */ = {
			isa = PBXNativeTarget;
			buildConfigurationList = 9D68D29E1F15FDC400EA6FD5 /* Build configuration list for PBXNativeTarget "DYZB" */;
			buildPhases = (
				9D68D2881F15FDC400EA6FD5 /* Sources */,
				9D68D2891F15FDC400EA6FD5 /* Frameworks */,
				9D68D28A1F15FDC400EA6FD5 /* Resources */,
			);
			buildRules = (
			);
			dependencies = (
			);
			name = DYZB;
			productName = DYZB;
			productReference = 9D68D28C1F15FDC400EA6FD5 /* DYZB.app */;
			productType = "com.apple.product-type.application";
		};
/* End PBXNativeTarget section */

/* Begin PBXProject section */
		9D68D2841F15FDC400EA6FD5 /* Project object */ = {
			isa = PBXProject;
			attributes = {
				LastSwiftUpdateCheck = 0830;
				LastUpgradeCheck = 0830;
				ORGANIZATIONNAME = "吴世兴";
				TargetAttributes = {
					9D68D28B1F15FDC400EA6FD5 = {
						CreatedOnToolsVersion = 8.3.2;
						ProvisioningStyle = Automatic;
					};
				};
			};
			buildConfigurationList = 9D68D2871F15FDC400EA6FD5 /* Build configuration list for PBXProject "DYZB" */;
			compatibilityVersion = "Xcode 3.2";
			developmentRegion = English;
			hasScannedForEncodings = 0;
			knownRegions = (
				en,
				Base,
			);
			mainGroup = 9D68D2831F15FDC400EA6FD5;
			productRefGroup = 9D68D28D1F15FDC400EA6FD5 /* Products */;
			projectDirPath = "";
			projectRoot = "";
			targets = (
				9D68D28B1F15FDC400EA6FD5 /* DYZB */,
			);
		};
/* End PBXProject section */

/* Begin PBXResourcesBuildPhase section */
		9D68D28A1F15FDC400EA6FD5 /* Resources */ = {
			isa = PBXResourcesBuildPhase;
			buildActionMask = 2147483647;
			files = (
				9D68D29A1F15FDC400EA6FD5 /* LaunchScreen.storyboard in Resources */,
				9D68D2971F15FDC400EA6FD5 /* Assets.xcassets in Resources */,
				9D4984441F1611DB0019CFEB /* Profile.storyboard in Resources */,
				9D68D2951F15FDC400EA6FD5 /* Main.storyboard in Resources */,
				9D49843B1F1611090019CFEB /* Live.storyboard in Resources */,
				9D4984391F1610E10019CFEB /* Home.storyboard in Resources */,
				9D4984411F1611BC0019CFEB /* Discover.storyboard in Resources */,
				9D49843E1F1611290019CFEB /* Follow.storyboard in Resources */,
			);
			runOnlyForDeploymentPostprocessing = 0;
		};
/* End PBXResourcesBuildPhase section */

/* Begin PBXSourcesBuildPhase section */
		9D68D2881F15FDC400EA6FD5 /* Sources */ = {
			isa = PBXSourcesBuildPhase;
			buildActionMask = 2147483647;
			files = (
				9D68D2901F15FDC400EA6FD5 /* AppDelegate.swift in Sources */,
			);
			runOnlyForDeploymentPostprocessing = 0;
		};
/* End PBXSourcesBuildPhase section */

/* Begin PBXVariantGroup section */
		9D4984371F1610E10019CFEB /* Home.storyboard */ = {
			isa = PBXVariantGroup;
			children = (
				9D4984381F1610E10019CFEB /* Base */,
			);
			name = Home.storyboard;
			path = ../Main;
			sourceTree = "<group>";
		};
		9D49843C1F1611290019CFEB /* Follow.storyboard */ = {
			isa = PBXVariantGroup;
			children = (
				9D49843D1F1611290019CFEB /* Base */,
			);
			name = Follow.storyboard;
			path = ../Main;
			sourceTree = "<group>";
		};
		9D4984421F1611DB0019CFEB /* Profile.storyboard */ = {
			isa = PBXVariantGroup;
			children = (
				9D4984431F1611DB0019CFEB /* Base */,
			);
			name = Profile.storyboard;
			path = ../Main;
			sourceTree = "<group>";
		};
		9D68D2931F15FDC400EA6FD5 /* Main.storyboard */ = {
			isa = PBXVariantGroup;
			children = (
				9D68D2941F15FDC400EA6FD5 /* Base */,
			);
			name = Main.storyboard;
			path = ../..;
			sourceTree = "<group>";
		};
		9D68D2981F15FDC400EA6FD5 /* LaunchScreen.storyboard */ = {
			isa = PBXVariantGroup;
			children = (
				9D68D2991F15FDC400EA6FD5 /* Base */,
			);
			name = LaunchScreen.storyboard;
			sourceTree = "<group>";
		};
/* End PBXVariantGroup section */

/* Begin XCBuildConfiguration section */
		9D68D29C1F15FDC400EA6FD5 /* Debug */ = {
			isa = XCBuildConfiguration;
			buildSettings = {
				ALWAYS_SEARCH_USER_PATHS = NO;
				CLANG_ANALYZER_NONNULL = YES;
				CLANG_ANALYZER_NUMBER_OBJECT_CONVERSION = YES_AGGRESSIVE;
				CLANG_CXX_LANGUAGE_STANDARD = "gnu++0x";
				CLANG_CXX_LIBRARY = "libc++";
				CLANG_ENABLE_MODULES = YES;
				CLANG_ENABLE_OBJC_ARC = YES;
				CLANG_WARN_BOOL_CONVERSION = YES;
				CLANG_WARN_CONSTANT_CONVERSION = YES;
				CLANG_WARN_DIRECT_OBJC_ISA_USAGE = YES_ERROR;
				CLANG_WARN_DOCUMENTATION_COMMENTS = YES;
				CLANG_WARN_EMPTY_BODY = YES;
				CLANG_WARN_ENUM_CONVERSION = YES;
				CLANG_WARN_INFINITE_RECURSION = YES;
				CLANG_WARN_INT_CONVERSION = YES;
				CLANG_WARN_OBJC_ROOT_CLASS = YES_ERROR;
				CLANG_WARN_SUSPICIOUS_MOVE = YES;
				CLANG_WARN_UNREACHABLE_CODE = YES;
				CLANG_WARN__DUPLICATE_METHOD_MATCH = YES;
				"CODE_SIGN_IDENTITY[sdk=iphoneos*]" = "iPhone Developer";
				COPY_PHASE_STRIP = NO;
				DEBUG_INFORMATION_FORMAT = dwarf;
				ENABLE_STRICT_OBJC_MSGSEND = YES;
				ENABLE_TESTABILITY = YES;
				GCC_C_LANGUAGE_STANDARD = gnu99;
				GCC_DYNAMIC_NO_PIC = NO;
				GCC_NO_COMMON_BLOCKS = YES;
				GCC_OPTIMIZATION_LEVEL = 0;
				GCC_PREPROCESSOR_DEFINITIONS = (
					"DEBUG=1",
					"$(inherited)",
				);
				GCC_WARN_64_TO_32_BIT_CONVERSION = YES;
				GCC_WARN_ABOUT_RETURN_TYPE = YES_ERROR;
				GCC_WARN_UNDECLARED_SELECTOR = YES;
				GCC_WARN_UNINITIALIZED_AUTOS = YES_AGGRESSIVE;
				GCC_WARN_UNUSED_FUNCTION = YES;
				GCC_WARN_UNUSED_VARIABLE = YES;
				IPHONEOS_DEPLOYMENT_TARGET = 10.3;
				MTL_ENABLE_DEBUG_INFO = YES;
				ONLY_ACTIVE_ARCH = YES;
				SDKROOT = iphoneos;
				SWIFT_ACTIVE_COMPILATION_CONDITIONS = DEBUG;
				SWIFT_OPTIMIZATION_LEVEL = "-Onone";
			};
			name = Debug;
		};
		9D68D29D1F15FDC400EA6FD5 /* Release */ = {
			isa = XCBuildConfiguration;
			buildSettings = {
				ALWAYS_SEARCH_USER_PATHS = NO;
				CLANG_ANALYZER_NONNULL = YES;
				CLANG_ANALYZER_NUMBER_OBJECT_CONVERSION = YES_AGGRESSIVE;
				CLANG_CXX_LANGUAGE_STANDARD = "gnu++0x";
				CLANG_CXX_LIBRARY = "libc++";
				CLANG_ENABLE_MODULES = YES;
				CLANG_ENABLE_OBJC_ARC = YES;
				CLANG_WARN_BOOL_CONVERSION = YES;
				CLANG_WARN_CONSTANT_CONVERSION = YES;
				CLANG_WARN_DIRECT_OBJC_ISA_USAGE = YES_ERROR;
				CLANG_WARN_DOCUMENTATION_COMMENTS = YES;
				CLANG_WARN_EMPTY_BODY = YES;
				CLANG_WARN_ENUM_CONVERSION = YES;
				CLANG_WARN_INFINITE_RECURSION = YES;
				CLANG_WARN_INT_CONVERSION = YES;
				CLANG_WARN_OBJC_ROOT_CLASS = YES_ERROR;
				CLANG_WARN_SUSPICIOUS_MOVE = YES;
				CLANG_WARN_UNREACHABLE_CODE = YES;
				CLANG_WARN__DUPLICATE_METHOD_MATCH = YES;
				"CODE_SIGN_IDENTITY[sdk=iphoneos*]" = "iPhone Developer";
				COPY_PHASE_STRIP = NO;
				DEBUG_INFORMATION_FORMAT = "dwarf-with-dsym";
				ENABLE_NS_ASSERTIONS = NO;
				ENABLE_STRICT_OBJC_MSGSEND = YES;
				GCC_C_LANGUAGE_STANDARD = gnu99;
				GCC_NO_COMMON_BLOCKS = YES;
				GCC_WARN_64_TO_32_BIT_CONVERSION = YES;
				GCC_WARN_ABOUT_RETURN_TYPE = YES_ERROR;
				GCC_WARN_UNDECLARED_SELECTOR = YES;
				GCC_WARN_UNINITIALIZED_AUTOS = YES_AGGRESSIVE;
				GCC_WARN_UNUSED_FUNCTION = YES;
				GCC_WARN_UNUSED_VARIABLE = YES;
				IPHONEOS_DEPLOYMENT_TARGET = 10.3;
				MTL_ENABLE_DEBUG_INFO = NO;
				SDKROOT = iphoneos;
				SWIFT_OPTIMIZATION_LEVEL = "-Owholemodule";
				VALIDATE_PRODUCT = YES;
			};
			name = Release;
		};
		9D68D29F1F15FDC400EA6FD5 /* Debug */ = {
			isa = XCBuildConfiguration;
			buildSettings = {
				ASSETCATALOG_COMPILER_APPICON_NAME = AppIcon;
				ASSETCATALOG_COMPILER_LAUNCHIMAGE_NAME = LaunchImage;
				INFOPLIST_FILE = DYZB/Info.plist;
				IPHONEOS_DEPLOYMENT_TARGET = 9.0;
				LD_RUNPATH_SEARCH_PATHS = "$(inherited) @executable_path/Frameworks";
				PRODUCT_BUNDLE_IDENTIFIER = com.wushixing123.DYZB;
				PRODUCT_NAME = "$(TARGET_NAME)";
				SWIFT_VERSION = 3.0;
			};
			name = Debug;
		};
		9D68D2A01F15FDC400EA6FD5 /* Release */ = {
			isa = XCBuildConfiguration;
			buildSettings = {
				ASSETCATALOG_COMPILER_APPICON_NAME = AppIcon;
				ASSETCATALOG_COMPILER_LAUNCHIMAGE_NAME = LaunchImage;
				INFOPLIST_FILE = DYZB/Info.plist;
				IPHONEOS_DEPLOYMENT_TARGET = 9.0;
				LD_RUNPATH_SEARCH_PATHS = "$(inherited) @executable_path/Frameworks";
				PRODUCT_BUNDLE_IDENTIFIER = com.wushixing123.DYZB;
				PRODUCT_NAME = "$(TARGET_NAME)";
				SWIFT_VERSION = 3.0;
			};
			name = Release;
		};
/* End XCBuildConfiguration section */

/* Begin XCConfigurationList section */
		9D68D2871F15FDC400EA6FD5 /* Build configuration list for PBXProject "DYZB" */ = {
			isa = XCConfigurationList;
			buildConfigurations = (
				9D68D29C1F15FDC400EA6FD5 /* Debug */,
				9D68D29D1F15FDC400EA6FD5 /* Release */,
			);
			defaultConfigurationIsVisible = 0;
			defaultConfigurationName = Release;
		};
		9D68D29E1F15FDC400EA6FD5 /* Build configuration list for PBXNativeTarget "DYZB" */ = {
			isa = XCConfigurationList;
			buildConfigurations = (
				9D68D29F1F15FDC400EA6FD5 /* Debug */,
				9D68D2A01F15FDC400EA6FD5 /* Release */,
			);
			defaultConfigurationIsVisible = 0;
			defaultConfigurationName = Release;
		};
/* End XCConfigurationList section */
	};
	rootObject = 9D68D2841F15FDC400EA6FD5 /* Project object */;
}
